<?xml version="1.0" encoding="utf-8"?>
<Project ToolsVersion="4.0" xmlns="http://schemas.microsoft.com/developer/msbuild/2003">
  <ItemGroup>
    <Filter Include="Quelldateien">
      <UniqueIdentifier>{4FC737F1-C7A5-4376-A066-2A32D752A2FF}</UniqueIdentifier>
      <Extensions>cpp;c;cc;cxx;def;odl;idl;hpj;bat;asm;asmx</Extensions>
    </Filter>
    <Filter Include="Headerdateien">
      <UniqueIdentifier>{93995380-89BD-4b04-88EB-625FBE52EBFB}</UniqueIdentifier>
      <Extensions>h;hh;hpp;hxx;hm;inl;inc;xsd</Extensions>
    </Filter>
    <Filter Include="Ressourcendateien">
      <UniqueIdentifier>{67DA6AB6-F800-4c08-8B7A-83BB121AAD01}</UniqueIdentifier>
      <Extensions>rc;ico;cur;bmp;dlg;rc2;rct;bin;rgs;gif;jpg;jpeg;jpe;resx;tiff;tif;png;wav;mfcribbon-ms</Extensions>
    </Filter>
    <Filter Include="Headerdateien\OGLWrapper">
      <UniqueIdentifier>{cd6167a0-c177-4329-b0fd-76d9e63fe31e}</UniqueIdentifier>
    </Filter>
    <Filter Include="Headerdateien\Camera">
      <UniqueIdentifier>{6d726316-fec8-4851-90c3-4e7132f1e2e2}</UniqueIdentifier>
    </Filter>
    <Filter Include="Headerdateien\RenderUnits">
      <UniqueIdentifier>{a0117a0a-ed16-460c-8719-87c04fc0d5b1}</UniqueIdentifier>
    </Filter>
    <Filter Include="Quelldateien\Camera">
      <UniqueIdentifier>{459c3f72-db5f-4134-ae54-b722d5e5f251}</UniqueIdentifier>
    </Filter>
    <Filter Include="Quelldateien\RenderUnits">
      <UniqueIdentifier>{56e2e8c0-b601-4611-ad05-37e28fc55d54}</UniqueIdentifier>
    </Filter>
    <Filter Include="Quelldateien\OGLWrapper">
      <UniqueIdentifier>{997cd07b-222c-42b6-9c9d-a0fe10de3ea5}</UniqueIdentifier>
    </Filter>
    <Filter Include="Headerdateien\Helper">
      <UniqueIdentifier>{321ab0e5-1880-4bb3-9f90-4573b0a321b4}</UniqueIdentifier>
    </Filter>
    <Filter Include="Quelldateien\Helper">
      <UniqueIdentifier>{34ea9483-5014-4d01-b9b9-778f9666a73b}</UniqueIdentifier>
    </Filter>
  </ItemGroup>
  <ItemGroup>
    <ClInclude Include="..\..\src\Callback.h">
      <Filter>Headerdateien</Filter>
    </ClInclude>
    <ClInclude Include="..\..\src\Camera\Camera.h">
      <Filter>Headerdateien\Camera</Filter>
    </ClInclude>
    <ClInclude Include="..\..\src\Camera\CameraOrthographic.h">
      <Filter>Headerdateien\Camera</Filter>
    </ClInclude>
    <ClInclude Include="..\..\src\Camera\CameraPerspective.h">
      <Filter>Headerdateien\Camera</Filter>
    </ClInclude>
    <ClInclude Include="..\..\src\RenderUnits\MultiLineRenderUnit.h">
      <Filter>Headerdateien\RenderUnits</Filter>
    </ClInclude>
    <ClInclude Include="..\..\src\RenderUnits\RenderUnit.h">
      <Filter>Headerdateien\RenderUnits</Filter>
    </ClInclude>
    <ClInclude Include="..\..\src\RenderUnits\SingleLineRenderUnit.h">
      <Filter>Headerdateien\RenderUnits</Filter>
    </ClInclude>
    <ClInclude Include="..\..\src\RenderUnits\TextRenderUnit.h">
      <Filter>Headerdateien\RenderUnits</Filter>
    </ClInclude>
    <ClInclude Include="..\..\src\OGLWrapper\Shader.h">
      <Filter>Headerdateien\OGLWrapper</Filter>
    </ClInclude>
    <ClInclude Include="..\..\src\Camera\Camera2D.h">
      <Filter>Headerdateien\Camera</Filter>
    </ClInclude>
    <ClInclude Include="..\..\src\Helper\CameraControll.h">
      <Filter>Headerdateien\Helper</Filter>
    </ClInclude>
    <ClInclude Include="..\..\src\RenderUnits\Skybox.h">
      <Filter>Headerdateien\RenderUnits</Filter>
    </ClInclude>
    <ClInclude Include="..\..\src\OGLWrapper\Texture.h">
      <Filter>Headerdateien\OGLWrapper</Filter>
    </ClInclude>
    <ClInclude Include="..\..\src\Helper\ErrorLog.h">
      <Filter>Headerdateien\Helper</Filter>
    </ClInclude>
    <ClInclude Include="..\..\src\OGLWrapper\Vertex.h">
      <Filter>Headerdateien\OGLWrapper</Filter>
    </ClInclude>
    <ClInclude Include="..\..\src\OGLWrapper\VertexAttribute.h">
      <Filter>Headerdateien\OGLWrapper</Filter>
    </ClInclude>
    <ClInclude Include="..\..\src\RenderUnits\Ball.h">
      <Filter>Headerdateien\RenderUnits</Filter>
    </ClInclude>
    <ClInclude Include="..\..\src\RenderUnits\Square.h">
      <Filter>Headerdateien\RenderUnits</Filter>
    </ClInclude>
  </ItemGroup>
  <ItemGroup>
    <ClCompile Include="..\..\src\Camera\Camera.cpp">
      <Filter>Quelldateien\Camera</Filter>
    </ClCompile>
    <ClCompile Include="..\..\src\Camera\CameraOrthographic.cpp">
      <Filter>Quelldateien\Camera</Filter>
    </ClCompile>
    <ClCompile Include="..\..\src\Camera\CameraPerspective.cpp">
      <Filter>Quelldateien\Camera</Filter>
    </ClCompile>
    <ClCompile Include="..\..\src\OpenGL-Viewer.cpp">
      <Filter>Quelldateien</Filter>
    </ClCompile>
    <ClCompile Include="..\..\src\OGLWrapper\Shader.cpp">
      <Filter>Quelldateien\OGLWrapper</Filter>
    </ClCompile>
    <ClCompile Include="..\..\src\RenderUnits\MultiLineRenderUnit.cpp">
      <Filter>Quelldateien\RenderUnits</Filter>
    </ClCompile>
    <ClCompile Include="..\..\src\RenderUnits\RenderUnit.cpp">
      <Filter>Quelldateien\RenderUnits</Filter>
    </ClCompile>
    <ClCompile Include="..\..\src\RenderUnits\SingleLineRenderUnit.cpp">
      <Filter>Quelldateien\RenderUnits</Filter>
    </ClCompile>
    <ClCompile Include="..\..\src\RenderUnits\TextRenderUnit.cpp">
      <Filter>Quelldateien\RenderUnits</Filter>
    </ClCompile>
    <ClCompile Include="..\..\src\Camera\Camera2D.cpp">
      <Filter>Quelldateien\Camera</Filter>
    </ClCompile>
    <ClCompile Include="..\..\src\Helper\CameraControll.cpp">
      <Filter>Quelldateien\Helper</Filter>
    </ClCompile>
    <ClCompile Include="..\..\src\RenderUnits\Skybox.cpp">
      <Filter>Quelldateien\RenderUnits</Filter>
    </ClCompile>
    <ClCompile Include="..\..\src\OGLWrapper\Texture.cpp">
      <Filter>Quelldateien\OGLWrapper</Filter>
    </ClCompile>
    <ClCompile Include="..\..\src\OGLWrapper\Vertex.cpp">
      <Filter>Quelldateien\OGLWrapper</Filter>
    </ClCompile>
    <ClCompile Include="..\..\src\OGLWrapper\VertexAttribute.cpp">
      <Filter>Quelldateien\OGLWrapper</Filter>
    </ClCompile>
    <ClCompile Include="..\..\src\RenderUnits\Ball.cpp">
      <Filter>Quelldateien\RenderUnits</Filter>
    </ClCompile>
    <ClCompile Include="..\..\src\RenderUnits\Square.cpp">
      <Filter>Quelldateien\RenderUnits</Filter>
    </ClCompile>
  </ItemGroup>
</Project>