<?xml version="1.0" encoding="utf-8"?>
<Project ToolsVersion="4.0" xmlns="http://schemas.microsoft.com/developer/msbuild/2003">
  <ItemGroup>
    <Filter Include="Source Files">
      <UniqueIdentifier>{4FC737F1-C7A5-4376-A066-2A32D752A2FF}</UniqueIdentifier>
      <Extensions>cpp;c;cc;cxx;def;odl;idl;hpj;bat;asm;asmx</Extensions>
    </Filter>
    <Filter Include="Header Files">
      <UniqueIdentifier>{93995380-89BD-4b04-88EB-625FBE52EBFB}</UniqueIdentifier>
      <Extensions>h;hh;hpp;hxx;hm;inl;inc;xsd</Extensions>
    </Filter>
    <Filter Include="Header Files\Helper">
      <UniqueIdentifier>{aec740bd-4a15-4a62-a48e-9ff8a6c51771}</UniqueIdentifier>
    </Filter>
    <Filter Include="Source Files\Helper">
      <UniqueIdentifier>{f5f909d8-410b-4616-9cf1-24979af0522b}</UniqueIdentifier>
    </Filter>
    <Filter Include="Source Files\Camera">
      <UniqueIdentifier>{e4bae94d-b055-405a-8469-1add8de886da}</UniqueIdentifier>
    </Filter>
    <Filter Include="Header Files\Camera">
      <UniqueIdentifier>{5fd2e484-9555-496b-acfa-8d49ff71a9d3}</UniqueIdentifier>
    </Filter>
    <Filter Include="Source Files\OGLWrapper">
      <UniqueIdentifier>{ffa4c129-514d-4225-893a-9769e5254d15}</UniqueIdentifier>
    </Filter>
    <Filter Include="Header Files\OGLWrapper">
      <UniqueIdentifier>{5591da81-da01-4e32-9612-4ede074266ac}</UniqueIdentifier>
    </Filter>
    <Filter Include="Shader">
      <UniqueIdentifier>{4fc2611d-50af-4316-882c-653248ac0344}</UniqueIdentifier>
    </Filter>
  </ItemGroup>
  <ItemGroup>
    <ClCompile Include="..\src\Raytracer.cpp">
      <Filter>Source Files</Filter>
    </ClCompile>
    <ClCompile Include="..\src\OGL.cpp">
      <Filter>Source Files</Filter>
    </ClCompile>
    <ClCompile Include="..\src\OCL.cpp">
      <Filter>Source Files</Filter>
    </ClCompile>
    <ClCompile Include="..\src\OGLWrapper\Shader.cpp">
      <Filter>Source Files\OGLWrapper</Filter>
    </ClCompile>
    <ClCompile Include="..\src\OGLWrapper\Texture.cpp">
      <Filter>Source Files\OGLWrapper</Filter>
    </ClCompile>
    <ClCompile Include="..\src\Helper\CameraControll.cpp">
      <Filter>Source Files\Helper</Filter>
    </ClCompile>
    <ClCompile Include="..\src\Camera\Camera.cpp">
      <Filter>Source Files\Camera</Filter>
    </ClCompile>
  </ItemGroup>
  <ItemGroup>
    <ClInclude Include="..\src\Callback.h">
      <Filter>Header Files</Filter>
    </ClInclude>
    <ClInclude Include="..\src\OGL.h">
      <Filter>Header Files</Filter>
    </ClInclude>
    <ClInclude Include="..\src\OCL.h">
      <Filter>Header Files</Filter>
    </ClInclude>
    <ClInclude Include="..\src\Helper\OpenCL_Error.h">
      <Filter>Header Files\Helper</Filter>
    </ClInclude>
    <ClInclude Include="..\src\OGLWrapper\Vertex.h">
      <Filter>Header Files\OGLWrapper</Filter>
    </ClInclude>
    <ClInclude Include="..\src\OGLWrapper\Shader.h">
      <Filter>Header Files\OGLWrapper</Filter>
    </ClInclude>
    <ClInclude Include="..\src\OGLWrapper\Texture.h">
      <Filter>Header Files\OGLWrapper</Filter>
    </ClInclude>
    <ClInclude Include="..\src\Helper\ErrorLog.h">
      <Filter>Header Files\Helper</Filter>
    </ClInclude>
    <ClInclude Include="..\src\Helper\CameraControll.h">
      <Filter>Header Files\Helper</Filter>
    </ClInclude>
    <ClInclude Include="..\src\Camera\Camera.h">
      <Filter>Header Files\Camera</Filter>
    </ClInclude>
    <ClInclude Include="..\src\Helper\Line.h">
      <Filter>Header Files\Helper</Filter>
    </ClInclude>
    <ClInclude Include="..\src\Helper\Quadtree.h">
      <Filter>Header Files\Helper</Filter>
    </ClInclude>
  </ItemGroup>
  <ItemGroup>
    <None Include="..\Shader\quad.fs">
      <Filter>Shader</Filter>
    </None>
    <None Include="..\Shader\quad.vs">
      <Filter>Shader</Filter>
    </None>
    <None Include="..\Shader\kernel.cl">
      <Filter>Shader</Filter>
    </None>
    <None Include="..\Shader\kernel2.cl">
      <Filter>Shader</Filter>
    </None>
  </ItemGroup>
</Project>